
Microsoft Visual Studio Solution File, Format Version 12.00
# Visual Studio Version 17
VisualStudioVersion = 17.3.32922.545
MinimumVisualStudioVersion = 10.0.40219.1
Project("{FAE04EC0-301F-11D3-BF4B-00C04F79EFBC}") = "WpfTestExchangeRates", "WpfTestExchangeRates\WpfTestExchangeRates.csproj", "{0F214092-84E8-4F38-A7D6-CE2A742A9DBB}"
EndProject
Global
	GlobalSection(SolutionConfigurationPlatforms) = preSolution
		Debug|Any CPU = Debug|Any CPU
		Release|Any CPU = Release|Any CPU
	EndGlobalSection
	GlobalSection(ProjectConfigurationPlatforms) = postSolution
		{0F214092-84E8-4F38-A7D6-CE2A742A9DBB}.Debug|Any CPU.ActiveCfg = Debug|Any CPU
		{0F214092-84E8-4F38-A7D6-CE2A742A9DBB}.Debug|Any CPU.Build.0 = Debug|Any CPU
		{0F214092-84E8-4F38-A7D6-CE2A742A9DBB}.Release|Any CPU.ActiveCfg = Release|Any CPU
		{0F214092-84E8-4F38-A7D6-CE2A742A9DBB}.Release|Any CPU.Build.0 = Release|Any CPU
	EndGlobalSection
	GlobalSection(SolutionProperties) = preSolution
		HideSolutionNode = FALSE
	EndGlobalSection
	GlobalSection(ExtensibilityGlobals) = postSolution
		SolutionGuid = {230B6B6F-183F-4419-B626-45D069CEC9C3}
	EndGlobalSection
EndGlobal
